
Microsoft Visual Studio Solution File, Format Version 12.00
# Visual Studio 2013
VisualStudioVersion = 12.0.21005.1
MinimumVisualStudioVersion = 10.0.40219.1
Project("{8BC9CEB8-8B4A-11D0-8D11-00A0C91BC942}") = "leetcode_168", "leetcode_168\leetcode_168.vcxproj", "{59417974-B33F-4E78-9600-456F67AB3A16}"
EndProject
Global
	GlobalSection(SolutionConfigurationPlatforms) = preSolution
		Debug|Win32 = Debug|Win32
		Release|Win32 = Release|Win32
	EndGlobalSection
	GlobalSection(ProjectConfigurationPlatforms) = postSolution
		{59417974-B33F-4E78-9600-456F67AB3A16}.Debug|Win32.ActiveCfg = Debug|Win32
		{59417974-B33F-4E78-9600-456F67AB3A16}.Debug|Win32.Build.0 = Debug|Win32
		{59417974-B33F-4E78-9600-456F67AB3A16}.Release|Win32.ActiveCfg = Release|Win32
		{59417974-B33F-4E78-9600-456F67AB3A16}.Release|Win32.Build.0 = Release|Win32
	EndGlobalSection
	GlobalSection(SolutionProperties) = preSolution
		HideSolutionNode = FALSE
	EndGlobalSection
EndGlobal
